
Microsoft Visual Studio Solution File, Format Version 12.00
# Visual Studio 15
VisualStudioVersion = 15.0.28010.2046
MinimumVisualStudioVersion = 10.0.40219.1
Project("{2150E333-8FDC-42A3-9474-1A3956D46DE8}") = "AI", "AI", "{71B3E88F-7A94-4E9D-A4A8-333C1547E99A}"
EndProject
Project("{2150E333-8FDC-42A3-9474-1A3956D46DE8}") = "Assets", "Assets", "{46B2C75F-4797-4415-B29F-2D1AFEA127C6}"
	ProjectSection(SolutionItems) = preProject
		Helper.cs = Helper.cs
		Assets\mnist.onnx = Assets\mnist.onnx
	EndProjectSection
EndProject
Project("{FAE04EC0-301F-11D3-BF4B-00C04F79EFBC}") = "HandwriteApp", "AI\HandwriteApp\HandwriteApp.csproj", "{3C3F490E-22AC-4A6A-8824-D1CEA626F5EF}"
EndProject
Project("{2150E333-8FDC-42A3-9474-1A3956D46DE8}") = "MSIX", "MSIX", "{A90861C9-8ADB-4A80-BD1C-54FBFD3B2B87}"
EndProject
Project("{FAE04EC0-301F-11D3-BF4B-00C04F79EFBC}") = "LauncherApp", "MSIX\LauncherApp\LauncherApp.csproj", "{3C5EB8C4-C859-4FB6-89D9-5108674EE8EA}"
EndProject
Project("{FAE04EC0-301F-11D3-BF4B-00C04F79EFBC}") = "CompanyA.SubApp", "MSIX\CompanyA.SubApp\CompanyA.SubApp.csproj", "{E776310B-49EF-4EF8-9DDD-ACBE9B35EDB6}"
EndProject
Project("{FAE04EC0-301F-11D3-BF4B-00C04F79EFBC}") = "CompanyB.SubApp", "MSIX\CompanyB.SubApp\CompanyB.SubApp.csproj", "{79435B37-6FDF-4B37-8FB8-B7AE6BD4247C}"
EndProject
Project("{2150E333-8FDC-42A3-9474-1A3956D46DE8}") = "Assets", "Assets", "{7B24CFCC-6B55-46E3-8E33-6758B0FD7EA8}"
	ProjectSection(SolutionItems) = preProject
		MSIX\Assets\kaota.cer = MSIX\Assets\kaota.cer
		MSIX\Assets\kaota.pfx = MSIX\Assets\kaota.pfx
		MSIX\Assets\kaota.pvk = MSIX\Assets\kaota.pvk
		MSIX\Assets\TechSummit2018DemoApp.CompanyA_1.0.0.0_x64__5ppbtxp1sbcde.msix = MSIX\Assets\TechSummit2018DemoApp.CompanyA_1.0.0.0_x64__5ppbtxp1sbcde.msix
		MSIX\Assets\TechSummit2018DemoApp.CompanyB_1.0.0.0_x64__5ppbtxp1sbcde.msix = MSIX\Assets\TechSummit2018DemoApp.CompanyB_1.0.0.0_x64__5ppbtxp1sbcde.msix
		MSIX\Assets\TechSummit2018DemoApp_1.0.1.0_x64__5ppbtxp1sbcde.msix = MSIX\Assets\TechSummit2018DemoApp_1.0.1.0_x64__5ppbtxp1sbcde.msix
	EndProjectSection
EndProject
Project("{2150E333-8FDC-42A3-9474-1A3956D46DE8}") = "CrossDevice", "CrossDevice", "{FDDE313C-8077-4C64-8CEC-7867D90D7E77}"
	ProjectSection(SolutionItems) = preProject
		..\CrossDeviceSample\readme.md = ..\CrossDeviceSample\readme.md
	EndProjectSection
EndProject
Project("{FAE04EC0-301F-11D3-BF4B-00C04F79EFBC}") = "CrossDeviceSample.WPF", "..\CrossDeviceSample\CrossDeviceSample.WPF\CrossDeviceSample.WPF.csproj", "{1D1717FA-D3EE-426F-A164-A459F9851A50}"
EndProject
Project("{FAE04EC0-301F-11D3-BF4B-00C04F79EFBC}") = "CrossDeviceSample.UWP", "..\CrossDeviceSample\CrossDeviceSample.UWP\CrossDeviceSample.UWP.csproj", "{8B072F48-034D-49DC-A377-AA884CAF42F0}"
EndProject
Project("{FAE04EC0-301F-11D3-BF4B-00C04F79EFBC}") = "CrossDeviceSample.AppService", "..\CrossDeviceSample\CrossDeviceSample.AppService\CrossDeviceSample.AppService.csproj", "{8B05328F-1226-4CD2-B7FC-25EB459C8A81}"
EndProject
Project("{C7167F0D-BC9F-4E6E-AFE1-012C56B48DB5}") = "CrossDeviceSample", "..\CrossDeviceSample\CrossDeviceSample\CrossDeviceSample.wapproj", "{45D23577-856A-4935-A5F6-965BC6ACCDFA}"
EndProject
Project("{2150E333-8FDC-42A3-9474-1A3956D46DE8}") = "DesktopBridge", "DesktopBridge", "{DB8626A2-32DE-4669-BB6F-D14146807F7D}"
EndProject
Project("{C7167F0D-BC9F-4E6E-AFE1-012C56B48DB5}") = "WinRTMFCApp.UWP", "..\MCFandCppWinRTSample\WinRTMFCApp.UWP\WinRTMFCApp.UWP.wapproj", "{37AE9B76-D114-43A9-AF02-2462B157F11A}"
	ProjectSection(ProjectDependencies) = postProject
		{CF2DDD64-B58F-4B99-A47E-C57A7832CD76} = {CF2DDD64-B58F-4B99-A47E-C57A7832CD76}
	EndProjectSection
EndProject
Project("{8BC9CEB8-8B4A-11D0-8D11-00A0C91BC942}") = "WinRTMFCApp", "..\MCFandCppWinRTSample\WinRTMFCApp\WinRTMFCApp.vcxproj", "{4854DC7B-C773-46E1-8510-876CF84BC2D4}"
EndProject
Project("{8BC9CEB8-8B4A-11D0-8D11-00A0C91BC942}") = "UWPFeatures", "..\MCFandCppWinRTSample\UWPFeatures\UWPFeatures.vcxproj", "{CF2DDD64-B58F-4B99-A47E-C57A7832CD76}"
EndProject
Project("{2150E333-8FDC-42A3-9474-1A3956D46DE8}") = "XamlIsland", "XamlIsland", "{F8ACB08C-C981-4E54-B22D-E91B6628AED0}"
EndProject
Project("{FAE04EC0-301F-11D3-BF4B-00C04F79EFBC}") = "XamlIsland", "..\XamlIsland\XamlIsland\XamlIsland.csproj", "{58AAE373-21BB-44A0-9207-CC913CC55E52}"
EndProject
Global
	GlobalSection(SolutionConfigurationPlatforms) = preSolution
		Debug|Any CPU = Debug|Any CPU
		Debug|ARM = Debug|ARM
		Debug|x64 = Debug|x64
		Debug|x86 = Debug|x86
		Release|Any CPU = Release|Any CPU
		Release|ARM = Release|ARM
		Release|x64 = Release|x64
		Release|x86 = Release|x86
	EndGlobalSection
	GlobalSection(ProjectConfigurationPlatforms) = postSolution
		{3C3F490E-22AC-4A6A-8824-D1CEA626F5EF}.Debug|Any CPU.ActiveCfg = Debug|x86
		{3C3F490E-22AC-4A6A-8824-D1CEA626F5EF}.Debug|ARM.ActiveCfg = Debug|ARM
		{3C3F490E-22AC-4A6A-8824-D1CEA626F5EF}.Debug|ARM.Build.0 = Debug|ARM
		{3C3F490E-22AC-4A6A-8824-D1CEA626F5EF}.Debug|ARM.Deploy.0 = Debug|ARM
		{3C3F490E-22AC-4A6A-8824-D1CEA626F5EF}.Debug|x64.ActiveCfg = Debug|x64
		{3C3F490E-22AC-4A6A-8824-D1CEA626F5EF}.Debug|x64.Build.0 = Debug|x64
		{3C3F490E-22AC-4A6A-8824-D1CEA626F5EF}.Debug|x64.Deploy.0 = Debug|x64
		{3C3F490E-22AC-4A6A-8824-D1CEA626F5EF}.Debug|x86.ActiveCfg = Debug|x86
		{3C3F490E-22AC-4A6A-8824-D1CEA626F5EF}.Debug|x86.Build.0 = Debug|x86
		{3C3F490E-22AC-4A6A-8824-D1CEA626F5EF}.Debug|x86.Deploy.0 = Debug|x86
		{3C3F490E-22AC-4A6A-8824-D1CEA626F5EF}.Release|Any CPU.ActiveCfg = Release|x86
		{3C3F490E-22AC-4A6A-8824-D1CEA626F5EF}.Release|ARM.ActiveCfg = Release|ARM
		{3C3F490E-22AC-4A6A-8824-D1CEA626F5EF}.Release|ARM.Build.0 = Release|ARM
		{3C3F490E-22AC-4A6A-8824-D1CEA626F5EF}.Release|ARM.Deploy.0 = Release|ARM
		{3C3F490E-22AC-4A6A-8824-D1CEA626F5EF}.Release|x64.ActiveCfg = Debug|x64
		{3C3F490E-22AC-4A6A-8824-D1CEA626F5EF}.Release|x64.Build.0 = Debug|x64
		{3C3F490E-22AC-4A6A-8824-D1CEA626F5EF}.Release|x64.Deploy.0 = Debug|x64
		{3C3F490E-22AC-4A6A-8824-D1CEA626F5EF}.Release|x86.ActiveCfg = Debug|x86
		{3C3F490E-22AC-4A6A-8824-D1CEA626F5EF}.Release|x86.Build.0 = Debug|x86
		{3C3F490E-22AC-4A6A-8824-D1CEA626F5EF}.Release|x86.Deploy.0 = Debug|x86
		{3C5EB8C4-C859-4FB6-89D9-5108674EE8EA}.Debug|Any CPU.ActiveCfg = Debug|Any CPU
		{3C5EB8C4-C859-4FB6-89D9-5108674EE8EA}.Debug|Any CPU.Build.0 = Debug|Any CPU
		{3C5EB8C4-C859-4FB6-89D9-5108674EE8EA}.Debug|ARM.ActiveCfg = Debug|Any CPU
		{3C5EB8C4-C859-4FB6-89D9-5108674EE8EA}.Debug|ARM.Build.0 = Debug|Any CPU
		{3C5EB8C4-C859-4FB6-89D9-5108674EE8EA}.Debug|x64.ActiveCfg = Debug|Any CPU
		{3C5EB8C4-C859-4FB6-89D9-5108674EE8EA}.Debug|x64.Build.0 = Debug|Any CPU
		{3C5EB8C4-C859-4FB6-89D9-5108674EE8EA}.Debug|x86.ActiveCfg = Debug|Any CPU
		{3C5EB8C4-C859-4FB6-89D9-5108674EE8EA}.Debug|x86.Build.0 = Debug|Any CPU
		{3C5EB8C4-C859-4FB6-89D9-5108674EE8EA}.Release|Any CPU.ActiveCfg = Release|Any CPU
		{3C5EB8C4-C859-4FB6-89D9-5108674EE8EA}.Release|Any CPU.Build.0 = Release|Any CPU
		{3C5EB8C4-C859-4FB6-89D9-5108674EE8EA}.Release|ARM.ActiveCfg = Release|Any CPU
		{3C5EB8C4-C859-4FB6-89D9-5108674EE8EA}.Release|ARM.Build.0 = Release|Any CPU
		{3C5EB8C4-C859-4FB6-89D9-5108674EE8EA}.Release|x64.ActiveCfg = Release|Any CPU
		{3C5EB8C4-C859-4FB6-89D9-5108674EE8EA}.Release|x64.Build.0 = Release|Any CPU
		{3C5EB8C4-C859-4FB6-89D9-5108674EE8EA}.Release|x86.ActiveCfg = Release|Any CPU
		{3C5EB8C4-C859-4FB6-89D9-5108674EE8EA}.Release|x86.Build.0 = Release|Any CPU
		{E776310B-49EF-4EF8-9DDD-ACBE9B35EDB6}.Debug|Any CPU.ActiveCfg = Debug|Any CPU
		{E776310B-49EF-4EF8-9DDD-ACBE9B35EDB6}.Debug|Any CPU.Build.0 = Debug|Any CPU
		{E776310B-49EF-4EF8-9DDD-ACBE9B35EDB6}.Debug|ARM.ActiveCfg = Debug|Any CPU
		{E776310B-49EF-4EF8-9DDD-ACBE9B35EDB6}.Debug|ARM.Build.0 = Debug|Any CPU
		{E776310B-49EF-4EF8-9DDD-ACBE9B35EDB6}.Debug|x64.ActiveCfg = Debug|Any CPU
		{E776310B-49EF-4EF8-9DDD-ACBE9B35EDB6}.Debug|x64.Build.0 = Debug|Any CPU
		{E776310B-49EF-4EF8-9DDD-ACBE9B35EDB6}.Debug|x86.ActiveCfg = Debug|Any CPU
		{E776310B-49EF-4EF8-9DDD-ACBE9B35EDB6}.Debug|x86.Build.0 = Debug|Any CPU
		{E776310B-49EF-4EF8-9DDD-ACBE9B35EDB6}.Release|Any CPU.ActiveCfg = Release|Any CPU
		{E776310B-49EF-4EF8-9DDD-ACBE9B35EDB6}.Release|Any CPU.Build.0 = Release|Any CPU
		{E776310B-49EF-4EF8-9DDD-ACBE9B35EDB6}.Release|ARM.ActiveCfg = Release|Any CPU
		{E776310B-49EF-4EF8-9DDD-ACBE9B35EDB6}.Release|ARM.Build.0 = Release|Any CPU
		{E776310B-49EF-4EF8-9DDD-ACBE9B35EDB6}.Release|x64.ActiveCfg = Release|Any CPU
		{E776310B-49EF-4EF8-9DDD-ACBE9B35EDB6}.Release|x64.Build.0 = Release|Any CPU
		{E776310B-49EF-4EF8-9DDD-ACBE9B35EDB6}.Release|x86.ActiveCfg = Release|Any CPU
		{E776310B-49EF-4EF8-9DDD-ACBE9B35EDB6}.Release|x86.Build.0 = Release|Any CPU
		{79435B37-6FDF-4B37-8FB8-B7AE6BD4247C}.Debug|Any CPU.ActiveCfg = Debug|Any CPU
		{79435B37-6FDF-4B37-8FB8-B7AE6BD4247C}.Debug|Any CPU.Build.0 = Debug|Any CPU
		{79435B37-6FDF-4B37-8FB8-B7AE6BD4247C}.Debug|ARM.ActiveCfg = Debug|Any CPU
		{79435B37-6FDF-4B37-8FB8-B7AE6BD4247C}.Debug|ARM.Build.0 = Debug|Any CPU
		{79435B37-6FDF-4B37-8FB8-B7AE6BD4247C}.Debug|x64.ActiveCfg = Debug|Any CPU
		{79435B37-6FDF-4B37-8FB8-B7AE6BD4247C}.Debug|x64.Build.0 = Debug|Any CPU
		{79435B37-6FDF-4B37-8FB8-B7AE6BD4247C}.Debug|x86.ActiveCfg = Debug|Any CPU
		{79435B37-6FDF-4B37-8FB8-B7AE6BD4247C}.Debug|x86.Build.0 = Debug|Any CPU
		{79435B37-6FDF-4B37-8FB8-B7AE6BD4247C}.Release|Any CPU.ActiveCfg = Release|Any CPU
		{79435B37-6FDF-4B37-8FB8-B7AE6BD4247C}.Release|Any CPU.Build.0 = Release|Any CPU
		{79435B37-6FDF-4B37-8FB8-B7AE6BD4247C}.Release|ARM.ActiveCfg = Release|Any CPU
		{79435B37-6FDF-4B37-8FB8-B7AE6BD4247C}.Release|ARM.Build.0 = Release|Any CPU
		{79435B37-6FDF-4B37-8FB8-B7AE6BD4247C}.Release|x64.ActiveCfg = Release|Any CPU
		{79435B37-6FDF-4B37-8FB8-B7AE6BD4247C}.Release|x64.Build.0 = Release|Any CPU
		{79435B37-6FDF-4B37-8FB8-B7AE6BD4247C}.Release|x86.ActiveCfg = Release|Any CPU
		{79435B37-6FDF-4B37-8FB8-B7AE6BD4247C}.Release|x86.Build.0 = Release|Any CPU
		{1D1717FA-D3EE-426F-A164-A459F9851A50}.Debug|Any CPU.ActiveCfg = Debug|Any CPU
		{1D1717FA-D3EE-426F-A164-A459F9851A50}.Debug|Any CPU.Build.0 = Debug|Any CPU
		{1D1717FA-D3EE-426F-A164-A459F9851A50}.Debug|ARM.ActiveCfg = Debug|Any CPU
		{1D1717FA-D3EE-426F-A164-A459F9851A50}.Debug|ARM.Build.0 = Debug|Any CPU
		{1D1717FA-D3EE-426F-A164-A459F9851A50}.Debug|x64.ActiveCfg = Debug|Any CPU
		{1D1717FA-D3EE-426F-A164-A459F9851A50}.Debug|x64.Build.0 = Debug|Any CPU
		{1D1717FA-D3EE-426F-A164-A459F9851A50}.Debug|x86.ActiveCfg = Debug|Any CPU
		{1D1717FA-D3EE-426F-A164-A459F9851A50}.Debug|x86.Build.0 = Debug|Any CPU
		{1D1717FA-D3EE-426F-A164-A459F9851A50}.Release|Any CPU.ActiveCfg = Release|Any CPU
		{1D1717FA-D3EE-426F-A164-A459F9851A50}.Release|Any CPU.Build.0 = Release|Any CPU
		{1D1717FA-D3EE-426F-A164-A459F9851A50}.Release|ARM.ActiveCfg = Release|Any CPU
		{1D1717FA-D3EE-426F-A164-A459F9851A50}.Release|ARM.Build.0 = Release|Any CPU
		{1D1717FA-D3EE-426F-A164-A459F9851A50}.Release|x64.ActiveCfg = Release|Any CPU
		{1D1717FA-D3EE-426F-A164-A459F9851A50}.Release|x64.Build.0 = Release|Any CPU
		{1D1717FA-D3EE-426F-A164-A459F9851A50}.Release|x86.ActiveCfg = Release|Any CPU
		{1D1717FA-D3EE-426F-A164-A459F9851A50}.Release|x86.Build.0 = Release|Any CPU
		{8B072F48-034D-49DC-A377-AA884CAF42F0}.Debug|Any CPU.ActiveCfg = Debug|x86
		{8B072F48-034D-49DC-A377-AA884CAF42F0}.Debug|ARM.ActiveCfg = Debug|ARM
		{8B072F48-034D-49DC-A377-AA884CAF42F0}.Debug|ARM.Build.0 = Debug|ARM
		{8B072F48-034D-49DC-A377-AA884CAF42F0}.Debug|ARM.Deploy.0 = Debug|ARM
		{8B072F48-034D-49DC-A377-AA884CAF42F0}.Debug|x64.ActiveCfg = Debug|x64
		{8B072F48-034D-49DC-A377-AA884CAF42F0}.Debug|x64.Build.0 = Debug|x64
		{8B072F48-034D-49DC-A377-AA884CAF42F0}.Debug|x64.Deploy.0 = Debug|x64
		{8B072F48-034D-49DC-A377-AA884CAF42F0}.Debug|x86.ActiveCfg = Debug|x86
		{8B072F48-034D-49DC-A377-AA884CAF42F0}.Debug|x86.Build.0 = Debug|x86
		{8B072F48-034D-49DC-A377-AA884CAF42F0}.Debug|x86.Deploy.0 = Debug|x86
		{8B072F48-034D-49DC-A377-AA884CAF42F0}.Release|Any CPU.ActiveCfg = Release|x86
		{8B072F48-034D-49DC-A377-AA884CAF42F0}.Release|ARM.ActiveCfg = Release|ARM
		{8B072F48-034D-49DC-A377-AA884CAF42F0}.Release|ARM.Build.0 = Release|ARM
		{8B072F48-034D-49DC-A377-AA884CAF42F0}.Release|ARM.Deploy.0 = Release|ARM
		{8B072F48-034D-49DC-A377-AA884CAF42F0}.Release|x64.ActiveCfg = Release|x64
		{8B072F48-034D-49DC-A377-AA884CAF42F0}.Release|x64.Build.0 = Release|x64
		{8B072F48-034D-49DC-A377-AA884CAF42F0}.Release|x64.Deploy.0 = Release|x64
		{8B072F48-034D-49DC-A377-AA884CAF42F0}.Release|x86.ActiveCfg = Release|x86
		{8B072F48-034D-49DC-A377-AA884CAF42F0}.Release|x86.Build.0 = Release|x86
		{8B072F48-034D-49DC-A377-AA884CAF42F0}.Release|x86.Deploy.0 = Release|x86
		{8B05328F-1226-4CD2-B7FC-25EB459C8A81}.Debug|Any CPU.ActiveCfg = Debug|Any CPU
		{8B05328F-1226-4CD2-B7FC-25EB459C8A81}.Debug|Any CPU.Build.0 = Debug|Any CPU
		{8B05328F-1226-4CD2-B7FC-25EB459C8A81}.Debug|ARM.ActiveCfg = Debug|ARM
		{8B05328F-1226-4CD2-B7FC-25EB459C8A81}.Debug|ARM.Build.0 = Debug|ARM
		{8B05328F-1226-4CD2-B7FC-25EB459C8A81}.Debug|x64.ActiveCfg = Debug|x64
		{8B05328F-1226-4CD2-B7FC-25EB459C8A81}.Debug|x64.Build.0 = Debug|x64
		{8B05328F-1226-4CD2-B7FC-25EB459C8A81}.Debug|x86.ActiveCfg = Debug|x86
		{8B05328F-1226-4CD2-B7FC-25EB459C8A81}.Debug|x86.Build.0 = Debug|x86
		{8B05328F-1226-4CD2-B7FC-25EB459C8A81}.Release|Any CPU.ActiveCfg = Release|Any CPU
		{8B05328F-1226-4CD2-B7FC-25EB459C8A81}.Release|Any CPU.Build.0 = Release|Any CPU
		{8B05328F-1226-4CD2-B7FC-25EB459C8A81}.Release|ARM.ActiveCfg = Release|ARM
		{8B05328F-1226-4CD2-B7FC-25EB459C8A81}.Release|ARM.Build.0 = Release|ARM
		{8B05328F-1226-4CD2-B7FC-25EB459C8A81}.Release|x64.ActiveCfg = Release|x64
		{8B05328F-1226-4CD2-B7FC-25EB459C8A81}.Release|x64.Build.0 = Release|x64
		{8B05328F-1226-4CD2-B7FC-25EB459C8A81}.Release|x86.ActiveCfg = Release|x86
		{8B05328F-1226-4CD2-B7FC-25EB459C8A81}.Release|x86.Build.0 = Release|x86
		{45D23577-856A-4935-A5F6-965BC6ACCDFA}.Debug|Any CPU.ActiveCfg = Debug|Any CPU
		{45D23577-856A-4935-A5F6-965BC6ACCDFA}.Debug|Any CPU.Build.0 = Debug|Any CPU
		{45D23577-856A-4935-A5F6-965BC6ACCDFA}.Debug|Any CPU.Deploy.0 = Debug|Any CPU
		{45D23577-856A-4935-A5F6-965BC6ACCDFA}.Debug|ARM.ActiveCfg = Debug|Any CPU
		{45D23577-856A-4935-A5F6-965BC6ACCDFA}.Debug|ARM.Build.0 = Debug|Any CPU
		{45D23577-856A-4935-A5F6-965BC6ACCDFA}.Debug|ARM.Deploy.0 = Debug|Any CPU
		{45D23577-856A-4935-A5F6-965BC6ACCDFA}.Debug|x64.ActiveCfg = Debug|x64
		{45D23577-856A-4935-A5F6-965BC6ACCDFA}.Debug|x64.Build.0 = Debug|x64
		{45D23577-856A-4935-A5F6-965BC6ACCDFA}.Debug|x64.Deploy.0 = Debug|x64
		{45D23577-856A-4935-A5F6-965BC6ACCDFA}.Debug|x86.ActiveCfg = Debug|x86
		{45D23577-856A-4935-A5F6-965BC6ACCDFA}.Debug|x86.Build.0 = Debug|x86
		{45D23577-856A-4935-A5F6-965BC6ACCDFA}.Debug|x86.Deploy.0 = Debug|x86
		{45D23577-856A-4935-A5F6-965BC6ACCDFA}.Release|Any CPU.ActiveCfg = Release|Any CPU
		{45D23577-856A-4935-A5F6-965BC6ACCDFA}.Release|Any CPU.Build.0 = Release|Any CPU
		{45D23577-856A-4935-A5F6-965BC6ACCDFA}.Release|Any CPU.Deploy.0 = Release|Any CPU
		{45D23577-856A-4935-A5F6-965BC6ACCDFA}.Release|ARM.ActiveCfg = Release|Any CPU
		{45D23577-856A-4935-A5F6-965BC6ACCDFA}.Release|ARM.Build.0 = Release|Any CPU
		{45D23577-856A-4935-A5F6-965BC6ACCDFA}.Release|ARM.Deploy.0 = Release|Any CPU
		{45D23577-856A-4935-A5F6-965BC6ACCDFA}.Release|x64.ActiveCfg = Release|x64
		{45D23577-856A-4935-A5F6-965BC6ACCDFA}.Release|x64.Build.0 = Release|x64
		{45D23577-856A-4935-A5F6-965BC6ACCDFA}.Release|x64.Deploy.0 = Release|x64
		{45D23577-856A-4935-A5F6-965BC6ACCDFA}.Release|x86.ActiveCfg = Release|x86
		{45D23577-856A-4935-A5F6-965BC6ACCDFA}.Release|x86.Build.0 = Release|x86
		{45D23577-856A-4935-A5F6-965BC6ACCDFA}.Release|x86.Deploy.0 = Release|x86
		{37AE9B76-D114-43A9-AF02-2462B157F11A}.Debug|Any CPU.ActiveCfg = Debug|Any CPU
		{37AE9B76-D114-43A9-AF02-2462B157F11A}.Debug|Any CPU.Build.0 = Debug|Any CPU
		{37AE9B76-D114-43A9-AF02-2462B157F11A}.Debug|Any CPU.Deploy.0 = Debug|Any CPU
		{37AE9B76-D114-43A9-AF02-2462B157F11A}.Debug|ARM.ActiveCfg = Debug|Any CPU
		{37AE9B76-D114-43A9-AF02-2462B157F11A}.Debug|ARM.Build.0 = Debug|Any CPU
		{37AE9B76-D114-43A9-AF02-2462B157F11A}.Debug|ARM.Deploy.0 = Debug|Any CPU
		{37AE9B76-D114-43A9-AF02-2462B157F11A}.Debug|x64.ActiveCfg = Debug|x64
		{37AE9B76-D114-43A9-AF02-2462B157F11A}.Debug|x64.Build.0 = Debug|x64
		{37AE9B76-D114-43A9-AF02-2462B157F11A}.Debug|x64.Deploy.0 = Debug|x64
		{37AE9B76-D114-43A9-AF02-2462B157F11A}.Debug|x86.ActiveCfg = Debug|x86
		{37AE9B76-D114-43A9-AF02-2462B157F11A}.Debug|x86.Build.0 = Debug|x86
		{37AE9B76-D114-43A9-AF02-2462B157F11A}.Debug|x86.Deploy.0 = Debug|x86
		{37AE9B76-D114-43A9-AF02-2462B157F11A}.Release|Any CPU.ActiveCfg = Release|Any CPU
		{37AE9B76-D114-43A9-AF02-2462B157F11A}.Release|Any CPU.Build.0 = Release|Any CPU
		{37AE9B76-D114-43A9-AF02-2462B157F11A}.Release|Any CPU.Deploy.0 = Release|Any CPU
		{37AE9B76-D114-43A9-AF02-2462B157F11A}.Release|ARM.ActiveCfg = Release|Any CPU
		{37AE9B76-D114-43A9-AF02-2462B157F11A}.Release|ARM.Build.0 = Release|Any CPU
		{37AE9B76-D114-43A9-AF02-2462B157F11A}.Release|ARM.Deploy.0 = Release|Any CPU
		{37AE9B76-D114-43A9-AF02-2462B157F11A}.Release|x64.ActiveCfg = Release|x64
		{37AE9B76-D114-43A9-AF02-2462B157F11A}.Release|x64.Build.0 = Release|x64
		{37AE9B76-D114-43A9-AF02-2462B157F11A}.Release|x64.Deploy.0 = Release|x64
		{37AE9B76-D114-43A9-AF02-2462B157F11A}.Release|x86.ActiveCfg = Release|x86
		{37AE9B76-D114-43A9-AF02-2462B157F11A}.Release|x86.Build.0 = Release|x86
		{37AE9B76-D114-43A9-AF02-2462B157F11A}.Release|x86.Deploy.0 = Release|x86
		{4854DC7B-C773-46E1-8510-876CF84BC2D4}.Debug|Any CPU.ActiveCfg = Debug|Win32
		{4854DC7B-C773-46E1-8510-876CF84BC2D4}.Debug|ARM.ActiveCfg = Debug|Win32
		{4854DC7B-C773-46E1-8510-876CF84BC2D4}.Debug|x64.ActiveCfg = Debug|x64
		{4854DC7B-C773-46E1-8510-876CF84BC2D4}.Debug|x64.Build.0 = Debug|x64
		{4854DC7B-C773-46E1-8510-876CF84BC2D4}.Debug|x86.ActiveCfg = Debug|Win32
		{4854DC7B-C773-46E1-8510-876CF84BC2D4}.Debug|x86.Build.0 = Debug|Win32
		{4854DC7B-C773-46E1-8510-876CF84BC2D4}.Release|Any CPU.ActiveCfg = Release|Win32
		{4854DC7B-C773-46E1-8510-876CF84BC2D4}.Release|ARM.ActiveCfg = Release|Win32
		{4854DC7B-C773-46E1-8510-876CF84BC2D4}.Release|x64.ActiveCfg = Release|x64
		{4854DC7B-C773-46E1-8510-876CF84BC2D4}.Release|x64.Build.0 = Release|x64
		{4854DC7B-C773-46E1-8510-876CF84BC2D4}.Release|x86.ActiveCfg = Release|Win32
		{4854DC7B-C773-46E1-8510-876CF84BC2D4}.Release|x86.Build.0 = Release|Win32
		{CF2DDD64-B58F-4B99-A47E-C57A7832CD76}.Debug|Any CPU.ActiveCfg = Debug|Win32
		{CF2DDD64-B58F-4B99-A47E-C57A7832CD76}.Debug|ARM.ActiveCfg = Debug|Win32
		{CF2DDD64-B58F-4B99-A47E-C57A7832CD76}.Debug|x64.ActiveCfg = Debug|x64
		{CF2DDD64-B58F-4B99-A47E-C57A7832CD76}.Debug|x64.Build.0 = Debug|x64
		{CF2DDD64-B58F-4B99-A47E-C57A7832CD76}.Debug|x86.ActiveCfg = Debug|Win32
		{CF2DDD64-B58F-4B99-A47E-C57A7832CD76}.Debug|x86.Build.0 = Debug|Win32
		{CF2DDD64-B58F-4B99-A47E-C57A7832CD76}.Release|Any CPU.ActiveCfg = Release|Win32
		{CF2DDD64-B58F-4B99-A47E-C57A7832CD76}.Release|ARM.ActiveCfg = Release|Win32
		{CF2DDD64-B58F-4B99-A47E-C57A7832CD76}.Release|x64.ActiveCfg = Release|x64
		{CF2DDD64-B58F-4B99-A47E-C57A7832CD76}.Release|x64.Build.0 = Release|x64
		{CF2DDD64-B58F-4B99-A47E-C57A7832CD76}.Release|x86.ActiveCfg = Release|Win32
		{CF2DDD64-B58F-4B99-A47E-C57A7832CD76}.Release|x86.Build.0 = Release|Win32
		{58AAE373-21BB-44A0-9207-CC913CC55E52}.Debug|Any CPU.ActiveCfg = Debug|Any CPU
		{58AAE373-21BB-44A0-9207-CC913CC55E52}.Debug|Any CPU.Build.0 = Debug|Any CPU
		{58AAE373-21BB-44A0-9207-CC913CC55E52}.Debug|ARM.ActiveCfg = Debug|Any CPU
		{58AAE373-21BB-44A0-9207-CC913CC55E52}.Debug|ARM.Build.0 = Debug|Any CPU
		{58AAE373-21BB-44A0-9207-CC913CC55E52}.Debug|x64.ActiveCfg = Debug|Any CPU
		{58AAE373-21BB-44A0-9207-CC913CC55E52}.Debug|x64.Build.0 = Debug|Any CPU
		{58AAE373-21BB-44A0-9207-CC913CC55E52}.Debug|x86.ActiveCfg = Debug|Any CPU
		{58AAE373-21BB-44A0-9207-CC913CC55E52}.Debug|x86.Build.0 = Debug|Any CPU
		{58AAE373-21BB-44A0-9207-CC913CC55E52}.Release|Any CPU.ActiveCfg = Release|Any CPU
		{58AAE373-21BB-44A0-9207-CC913CC55E52}.Release|Any CPU.Build.0 = Release|Any CPU
		{58AAE373-21BB-44A0-9207-CC913CC55E52}.Release|ARM.ActiveCfg = Release|Any CPU
		{58AAE373-21BB-44A0-9207-CC913CC55E52}.Release|ARM.Build.0 = Release|Any CPU
		{58AAE373-21BB-44A0-9207-CC913CC55E52}.Release|x64.ActiveCfg = Release|Any CPU
		{58AAE373-21BB-44A0-9207-CC913CC55E52}.Release|x64.Build.0 = Release|Any CPU
		{58AAE373-21BB-44A0-9207-CC913CC55E52}.Release|x86.ActiveCfg = Release|Any CPU
		{58AAE373-21BB-44A0-9207-CC913CC55E52}.Release|x86.Build.0 = Release|Any CPU
	EndGlobalSection
	GlobalSection(SolutionProperties) = preSolution
		HideSolutionNode = FALSE
	EndGlobalSection
	GlobalSection(NestedProjects) = preSolution
		{3C3F490E-22AC-4A6A-8824-D1CEA626F5EF} = {71B3E88F-7A94-4E9D-A4A8-333C1547E99A}
		{3C5EB8C4-C859-4FB6-89D9-5108674EE8EA} = {A90861C9-8ADB-4A80-BD1C-54FBFD3B2B87}
		{E776310B-49EF-4EF8-9DDD-ACBE9B35EDB6} = {A90861C9-8ADB-4A80-BD1C-54FBFD3B2B87}
		{79435B37-6FDF-4B37-8FB8-B7AE6BD4247C} = {A90861C9-8ADB-4A80-BD1C-54FBFD3B2B87}
		{7B24CFCC-6B55-46E3-8E33-6758B0FD7EA8} = {A90861C9-8ADB-4A80-BD1C-54FBFD3B2B87}
		{1D1717FA-D3EE-426F-A164-A459F9851A50} = {FDDE313C-8077-4C64-8CEC-7867D90D7E77}
		{8B072F48-034D-49DC-A377-AA884CAF42F0} = {FDDE313C-8077-4C64-8CEC-7867D90D7E77}
		{8B05328F-1226-4CD2-B7FC-25EB459C8A81} = {FDDE313C-8077-4C64-8CEC-7867D90D7E77}
		{45D23577-856A-4935-A5F6-965BC6ACCDFA} = {FDDE313C-8077-4C64-8CEC-7867D90D7E77}
		{37AE9B76-D114-43A9-AF02-2462B157F11A} = {DB8626A2-32DE-4669-BB6F-D14146807F7D}
		{4854DC7B-C773-46E1-8510-876CF84BC2D4} = {DB8626A2-32DE-4669-BB6F-D14146807F7D}
		{CF2DDD64-B58F-4B99-A47E-C57A7832CD76} = {DB8626A2-32DE-4669-BB6F-D14146807F7D}
		{58AAE373-21BB-44A0-9207-CC913CC55E52} = {F8ACB08C-C981-4E54-B22D-E91B6628AED0}
	EndGlobalSection
	GlobalSection(ExtensibilityGlobals) = postSolution
		SolutionGuid = {3981816D-7E0C-4F23-8CBB-9B0FEEE38391}
	EndGlobalSection
EndGlobal
